
Microsoft Visual Studio Solution File, Format Version 12.00
# Visual Studio Version 17
VisualStudioVersion = 17.2.32616.157
MinimumVisualStudioVersion = 10.0.40219.1
Project("{FAE04EC0-301F-11D3-BF4B-00C04F79EFBC}") = "WFA_HayvanatBahcesi", "WFA_HayvanatBahcesi\WFA_HayvanatBahcesi.csproj", "{77E4AFE7-4B2E-43BD-8134-97F398B20243}"
EndProject
Project("{FAE04EC0-301F-11D3-BF4B-00C04F79EFBC}") = "AltYapi", "AltYapi\AltYapi.csproj", "{46A096E5-AF32-42E8-965A-6F524B844474}"
EndProject
Global
	GlobalSection(SolutionConfigurationPlatforms) = preSolution
		Debug|Any CPU = Debug|Any CPU
		Release|Any CPU = Release|Any CPU
	EndGlobalSection
	GlobalSection(ProjectConfigurationPlatforms) = postSolution
		{77E4AFE7-4B2E-43BD-8134-97F398B20243}.Debug|Any CPU.ActiveCfg = Debug|Any CPU
		{77E4AFE7-4B2E-43BD-8134-97F398B20243}.Debug|Any CPU.Build.0 = Debug|Any CPU
		{77E4AFE7-4B2E-43BD-8134-97F398B20243}.Release|Any CPU.ActiveCfg = Release|Any CPU
		{77E4AFE7-4B2E-43BD-8134-97F398B20243}.Release|Any CPU.Build.0 = Release|Any CPU
		{46A096E5-AF32-42E8-965A-6F524B844474}.Debug|Any CPU.ActiveCfg = Debug|Any CPU
		{46A096E5-AF32-42E8-965A-6F524B844474}.Debug|Any CPU.Build.0 = Debug|Any CPU
		{46A096E5-AF32-42E8-965A-6F524B844474}.Release|Any CPU.ActiveCfg = Release|Any CPU
		{46A096E5-AF32-42E8-965A-6F524B844474}.Release|Any CPU.Build.0 = Release|Any CPU
	EndGlobalSection
	GlobalSection(SolutionProperties) = preSolution
		HideSolutionNode = FALSE
	EndGlobalSection
	GlobalSection(ExtensibilityGlobals) = postSolution
		SolutionGuid = {6F01041D-09BF-4D79-A3D4-2F7AFBD72CA1}
	EndGlobalSection
EndGlobal
